// !$*UTF8*$!
{
	archiveVersion = 1;
	classes = {
	};
	objectVersion = 50;
	objects = {

/* Begin PBXBuildFile section */
		7AB0E17926DA89D000330340 /* AppDelegate.swift in Sources */ = {isa = PBXBuildFile; fileRef = 7AB0E17826DA89D000330340 /* AppDelegate.swift */; };
		7AB0E17B26DA89D000330340 /* SceneDelegate.swift in Sources */ = {isa = PBXBuildFile; fileRef = 7AB0E17A26DA89D000330340 /* SceneDelegate.swift */; };
		7AB0E17D26DA89D000330340 /* ViewController.swift in Sources */ = {isa = PBXBuildFile; fileRef = 7AB0E17C26DA89D000330340 /* ViewController.swift */; };
		7AB0E18026DA89D000330340 /* Main.storyboard in Resources */ = {isa = PBXBuildFile; fileRef = 7AB0E17E26DA89D000330340 /* Main.storyboard */; };
		7AB0E18326DA89D000330340 /* QRScanFind.xcdatamodeld in Sources */ = {isa = PBXBuildFile; fileRef = 7AB0E18126DA89D000330340 /* QRScanFind.xcdatamodeld */; };
		7AB0E18526DA89D300330340 /* Assets.xcassets in Resources */ = {isa = PBXBuildFile; fileRef = 7AB0E18426DA89D300330340 /* Assets.xcassets */; };
		7AB0E18826DA89D300330340 /* LaunchScreen.storyboard in Resources */ = {isa = PBXBuildFile; fileRef = 7AB0E18626DA89D300330340 /* LaunchScreen.storyboard */; };
		7AB0E19026DA89F500330340 /* Extensions.swift in Sources */ = {isa = PBXBuildFile; fileRef = 7AB0E18F26DA89F500330340 /* Extensions.swift */; };
		7AB0E19226DA8A3800330340 /* MainViewController.swift in Sources */ = {isa = PBXBuildFile; fileRef = 7AB0E19126DA8A3800330340 /* MainViewController.swift */; };
		7AB0E19426DA8A7300330340 /* ScannerViewController.swift in Sources */ = {isa = PBXBuildFile; fileRef = 7AB0E19326DA8A7300330340 /* ScannerViewController.swift */; };
		7AB0E19626DA8E7500330340 /* DBService.swift in Sources */ = {isa = PBXBuildFile; fileRef = 7AB0E19526DA8E7500330340 /* DBService.swift */; };
/* End PBXBuildFile section */

/* Begin PBXFileReference section */
		7AB0E17526DA89D000330340 /* QRScanFind.app */ = {isa = PBXFileReference; explicitFileType = wrapper.application; includeInIndex = 0; path = QRScanFind.app; sourceTree = BUILT_PRODUCTS_DIR; };
		7AB0E17826DA89D000330340 /* AppDelegate.swift */ = {isa = PBXFileReference; lastKnownFileType = sourcecode.swift; path = AppDelegate.swift; sourceTree = "<group>"; };
		7AB0E17A26DA89D000330340 /* SceneDelegate.swift */ = {isa = PBXFileReference; lastKnownFileType = sourcecode.swift; path = SceneDelegate.swift; sourceTree = "<group>"; };
		7AB0E17C26DA89D000330340 /* ViewController.swift */ = {isa = PBXFileReference; lastKnownFileType = sourcecode.swift; path = ViewController.swift; sourceTree = "<group>"; };
		7AB0E17F26DA89D000330340 /* Base */ = {isa = PBXFileReference; lastKnownFileType = file.storyboard; name = Base; path = Base.lproj/Main.storyboard; sourceTree = "<group>"; };
		7AB0E18226DA89D000330340 /* QRScanFind.xcdatamodel */ = {isa = PBXFileReference; lastKnownFileType = wrapper.xcdatamodel; path = QRScanFind.xcdatamodel; sourceTree = "<group>"; };
		7AB0E18426DA89D300330340 /* Assets.xcassets */ = {isa = PBXFileReference; lastKnownFileType = folder.assetcatalog; path = Assets.xcassets; sourceTree = "<group>"; };
		7AB0E18726DA89D300330340 /* Base */ = {isa = PBXFileReference; lastKnownFileType = file.storyboard; name = Base; path = Base.lproj/LaunchScreen.storyboard; sourceTree = "<group>"; };
		7AB0E18926DA89D300330340 /* Info.plist */ = {isa = PBXFileReference; lastKnownFileType = text.plist.xml; path = Info.plist; sourceTree = "<group>"; };
		7AB0E18F26DA89F500330340 /* Extensions.swift */ = {isa = PBXFileReference; lastKnownFileType = sourcecode.swift; path = Extensions.swift; sourceTree = "<group>"; };
		7AB0E19126DA8A3800330340 /* MainViewController.swift */ = {isa = PBXFileReference; lastKnownFileType = sourcecode.swift; path = MainViewController.swift; sourceTree = "<group>"; };
		7AB0E19326DA8A7300330340 /* ScannerViewController.swift */ = {isa = PBXFileReference; lastKnownFileType = sourcecode.swift; path = ScannerViewController.swift; sourceTree = "<group>"; };
		7AB0E19526DA8E7500330340 /* DBService.swift */ = {isa = PBXFileReference; lastKnownFileType = sourcecode.swift; path = DBService.swift; sourceTree = "<group>"; };
/* End PBXFileReference section */

/* Begin PBXFrameworksBuildPhase section */
		7AB0E17226DA89D000330340 /* Frameworks */ = {
			isa = PBXFrameworksBuildPhase;
			buildActionMask = 2147483647;
			files = (
			);
			runOnlyForDeploymentPostprocessing = 0;
		};
/* End PBXFrameworksBuildPhase section */

/* Begin PBXGroup section */
		7AB0E16C26DA89D000330340 = {
			isa = PBXGroup;
			children = (
				7AB0E17726DA89D000330340 /* QRScanFind */,
				7AB0E17626DA89D000330340 /* Products */,
			);
			sourceTree = "<group>";
		};
		7AB0E17626DA89D000330340 /* Products */ = {
			isa = PBXGroup;
			children = (
				7AB0E17526DA89D000330340 /* QRScanFind.app */,
			);
			name = Products;
			sourceTree = "<group>";
		};
		7AB0E17726DA89D000330340 /* QRScanFind */ = {
			isa = PBXGroup;
			children = (
				7AB0E17826DA89D000330340 /* AppDelegate.swift */,
				7AB0E18F26DA89F500330340 /* Extensions.swift */,
				7AB0E17A26DA89D000330340 /* SceneDelegate.swift */,
				7AB0E17C26DA89D000330340 /* ViewController.swift */,
				7AB0E19126DA8A3800330340 /* MainViewController.swift */,
				7AB0E19326DA8A7300330340 /* ScannerViewController.swift */,
				7AB0E19526DA8E7500330340 /* DBService.swift */,
				7AB0E17E26DA89D000330340 /* Main.storyboard */,
				7AB0E18426DA89D300330340 /* Assets.xcassets */,
				7AB0E18626DA89D300330340 /* LaunchScreen.storyboard */,
				7AB0E18926DA89D300330340 /* Info.plist */,
				7AB0E18126DA89D000330340 /* QRScanFind.xcdatamodeld */,
			);
			path = QRScanFind;
			sourceTree = "<group>";
		};
/* End PBXGroup section */

/* Begin PBXNativeTarget section */
		7AB0E17426DA89D000330340 /* QRScanFind */ = {
			isa = PBXNativeTarget;
			buildConfigurationList = 7AB0E18C26DA89D300330340 /* Build configuration list for PBXNativeTarget "QRScanFind" */;
			buildPhases = (
				7AB0E17126DA89D000330340 /* Sources */,
				7AB0E17226DA89D000330340 /* Frameworks */,
				7AB0E17326DA89D000330340 /* Resources */,
			);
			buildRules = (
			);
			dependencies = (
			);
			name = QRScanFind;
			productName = QRScanFind;
			productReference = 7AB0E17526DA89D000330340 /* QRScanFind.app */;
			productType = "com.apple.product-type.application";
		};
/* End PBXNativeTarget section */

/* Begin PBXProject section */
		7AB0E16D26DA89D000330340 /* Project object */ = {
			isa = PBXProject;
			attributes = {
				LastSwiftUpdateCheck = 1250;
				LastUpgradeCheck = 1250;
				TargetAttributes = {
					7AB0E17426DA89D000330340 = {
						CreatedOnToolsVersion = 12.5.1;
					};
				};
			};
			buildConfigurationList = 7AB0E17026DA89D000330340 /* Build configuration list for PBXProject "QRScanFind" */;
			compatibilityVersion = "Xcode 9.3";
			developmentRegion = en;
			hasScannedForEncodings = 0;
			knownRegions = (
				en,
				Base,
			);
			mainGroup = 7AB0E16C26DA89D000330340;
			productRefGroup = 7AB0E17626DA89D000330340 /* Products */;
			projectDirPath = "";
			projectRoot = "";
			targets = (
				7AB0E17426DA89D000330340 /* QRScanFind */,
			);
		};
/* End PBXProject section */

/* Begin PBXResourcesBuildPhase section */
		7AB0E17326DA89D000330340 /* Resources */ = {
			isa = PBXResourcesBuildPhase;
			buildActionMask = 2147483647;
			files = (
				7AB0E18826DA89D300330340 /* LaunchScreen.storyboard in Resources */,
				7AB0E18526DA89D300330340 /* Assets.xcassets in Resources */,
				7AB0E18026DA89D000330340 /* Main.storyboard in Resources */,
			);
			runOnlyForDeploymentPostprocessing = 0;
		};
/* End PBXResourcesBuildPhase section */

/* Begin PBXSourcesBuildPhase section */
		7AB0E17126DA89D000330340 /* Sources */ = {
			isa = PBXSourcesBuildPhase;
			buildActionMask = 2147483647;
			files = (
				7AB0E19426DA8A7300330340 /* ScannerViewController.swift in Sources */,
				7AB0E19626DA8E7500330340 /* DBService.swift in Sources */,
				7AB0E19026DA89F500330340 /* Extensions.swift in Sources */,
				7AB0E18326DA89D000330340 /* QRScanFind.xcdatamodeld in Sources */,
				7AB0E17D26DA89D000330340 /* ViewController.swift in Sources */,
				7AB0E19226DA8A3800330340 /* MainViewController.swift in Sources */,
				7AB0E17926DA89D000330340 /* AppDelegate.swift in Sources */,
				7AB0E17B26DA89D000330340 /* SceneDelegate.swift in Sources */,
			);
			runOnlyForDeploymentPostprocessing = 0;
		};
/* End PBXSourcesBuildPhase section */

/* Begin PBXVariantGroup section */
		7AB0E17E26DA89D000330340 /* Main.storyboard */ = {
			isa = PBXVariantGroup;
			children = (
				7AB0E17F26DA89D000330340 /* Base */,
			);
			name = Main.storyboard;
			sourceTree = "<group>";
		};
		7AB0E18626DA89D300330340 /* LaunchScreen.storyboard */ = {
			isa = PBXVariantGroup;
			children = (
				7AB0E18726DA89D300330340 /* Base */,
			);
			name = LaunchScreen.storyboard;
			sourceTree = "<group>";
		};
/* End PBXVariantGroup section */

/* Begin XCBuildConfiguration section */
		7AB0E18A26DA89D300330340 /* Debug */ = {
			isa = XCBuildConfiguration;
			buildSettings = {
				ALWAYS_SEARCH_USER_PATHS = NO;
				CLANG_ANALYZER_NONNULL = YES;
				CLANG_ANALYZER_NUMBER_OBJECT_CONVERSION = YES_AGGRESSIVE;
				CLANG_CXX_LANGUAGE_STANDARD = "gnu++14";
				CLANG_CXX_LIBRARY = "libc++";
				CLANG_ENABLE_MODULES = YES;
				CLANG_ENABLE_OBJC_ARC = YES;
				CLANG_ENABLE_OBJC_WEAK = YES;
				CLANG_WARN_BLOCK_CAPTURE_AUTORELEASING = YES;
				CLANG_WARN_BOOL_CONVERSION = YES;
				CLANG_WARN_COMMA = YES;
				CLANG_WARN_CONSTANT_CONVERSION = YES;
				CLANG_WARN_DEPRECATED_OBJC_IMPLEMENTATIONS = YES;
				CLANG_WARN_DIRECT_OBJC_ISA_USAGE = YES_ERROR;
				CLANG_WARN_DOCUMENTATION_COMMENTS = YES;
				CLANG_WARN_EMPTY_BODY = YES;
				CLANG_WARN_ENUM_CONVERSION = YES;
				CLANG_WARN_INFINITE_RECURSION = YES;
				CLANG_WARN_INT_CONVERSION = YES;
				CLANG_WARN_NON_LITERAL_NULL_CONVERSION = YES;
				CLANG_WARN_OBJC_IMPLICIT_RETAIN_SELF = YES;
				CLANG_WARN_OBJC_LITERAL_CONVERSION = YES;
				CLANG_WARN_OBJC_ROOT_CLASS = YES_ERROR;
				CLANG_WARN_QUOTED_INCLUDE_IN_FRAMEWORK_HEADER = YES;
				CLANG_WARN_RANGE_LOOP_ANALYSIS = YES;
				CLANG_WARN_STRICT_PROTOTYPES = YES;
				CLANG_WARN_SUSPICIOUS_MOVE = YES;
				CLANG_WARN_UNGUARDED_AVAILABILITY = YES_AGGRESSIVE;
				CLANG_WARN_UNREACHABLE_CODE = YES;
				CLANG_WARN__DUPLICATE_METHOD_MATCH = YES;
				COPY_PHASE_STRIP = NO;
				DEBUG_INFORMATION_FORMAT = dwarf;
				ENABLE_STRICT_OBJC_MSGSEND = YES;
				ENABLE_TESTABILITY = YES;
				GCC_C_LANGUAGE_STANDARD = gnu11;
				GCC_DYNAMIC_NO_PIC = NO;
				GCC_NO_COMMON_BLOCKS = YES;
				GCC_OPTIMIZATION_LEVEL = 0;
				GCC_PREPROCESSOR_DEFINITIONS = (
					"DEBUG=1",
					"$(inherited)",
				);
				GCC_WARN_64_TO_32_BIT_CONVERSION = YES;
				GCC_WARN_ABOUT_RETURN_TYPE = YES_ERROR;
				GCC_WARN_UNDECLARED_SELECTOR = YES;
				GCC_WARN_UNINITIALIZED_AUTOS = YES_AGGRESSIVE;
				GCC_WARN_UNUSED_FUNCTION = YES;
				GCC_WARN_UNUSED_VARIABLE = YES;
				IPHONEOS_DEPLOYMENT_TARGET = 14.5;
				MTL_ENABLE_DEBUG_INFO = INCLUDE_SOURCE;
				MTL_FAST_MATH = YES;
				ONLY_ACTIVE_ARCH = YES;
				SDKROOT = iphoneos;
				SWIFT_ACTIVE_COMPILATION_CONDITIONS = DEBUG;
				SWIFT_OPTIMIZATION_LEVEL = "-Onone";
			};
			name = Debug;
		};
		7AB0E18B26DA89D300330340 /* Release */ = {
			isa = XCBuildConfiguration;
			buildSettings = {
				ALWAYS_SEARCH_USER_PATHS = NO;
				CLANG_ANALYZER_NONNULL = YES;
				CLANG_ANALYZER_NUMBER_OBJECT_CONVERSION = YES_AGGRESSIVE;
				CLANG_CXX_LANGUAGE_STANDARD = "gnu++14";
				CLANG_CXX_LIBRARY = "libc++";
				CLANG_ENABLE_MODULES = YES;
				CLANG_ENABLE_OBJC_ARC = YES;
				CLANG_ENABLE_OBJC_WEAK = YES;
				CLANG_WARN_BLOCK_CAPTURE_AUTORELEASING = YES;
				CLANG_WARN_BOOL_CONVERSION = YES;
				CLANG_WARN_COMMA = YES;
				CLANG_WARN_CONSTANT_CONVERSION = YES;
				CLANG_WARN_DEPRECATED_OBJC_IMPLEMENTATIONS = YES;
				CLANG_WARN_DIRECT_OBJC_ISA_USAGE = YES_ERROR;
				CLANG_WARN_DOCUMENTATION_COMMENTS = YES;
				CLANG_WARN_EMPTY_BODY = YES;
				CLANG_WARN_ENUM_CONVERSION = YES;
				CLANG_WARN_INFINITE_RECURSION = YES;
				CLANG_WARN_INT_CONVERSION = YES;
				CLANG_WARN_NON_LITERAL_NULL_CONVERSION = YES;
				CLANG_WARN_OBJC_IMPLICIT_RETAIN_SELF = YES;
				CLANG_WARN_OBJC_LITERAL_CONVERSION = YES;
				CLANG_WARN_OBJC_ROOT_CLASS = YES_ERROR;
				CLANG_WARN_QUOTED_INCLUDE_IN_FRAMEWORK_HEADER = YES;
				CLANG_WARN_RANGE_LOOP_ANALYSIS = YES;
				CLANG_WARN_STRICT_PROTOTYPES = YES;
				CLANG_WARN_SUSPICIOUS_MOVE = YES;
				CLANG_WARN_UNGUARDED_AVAILABILITY = YES_AGGRESSIVE;
				CLANG_WARN_UNREACHABLE_CODE = YES;
				CLANG_WARN__DUPLICATE_METHOD_MATCH = YES;
				COPY_PHASE_STRIP = NO;
				DEBUG_INFORMATION_FORMAT = "dwarf-with-dsym";
				ENABLE_NS_ASSERTIONS = NO;
				ENABLE_STRICT_OBJC_MSGSEND = YES;
				GCC_C_LANGUAGE_STANDARD = gnu11;
				GCC_NO_COMMON_BLOCKS = YES;
				GCC_WARN_64_TO_32_BIT_CONVERSION = YES;
				GCC_WARN_ABOUT_RETURN_TYPE = YES_ERROR;
				GCC_WARN_UNDECLARED_SELECTOR = YES;
				GCC_WARN_UNINITIALIZED_AUTOS = YES_AGGRESSIVE;
				GCC_WARN_UNUSED_FUNCTION = YES;
				GCC_WARN_UNUSED_VARIABLE = YES;
				IPHONEOS_DEPLOYMENT_TARGET = 14.5;
				MTL_ENABLE_DEBUG_INFO = NO;
				MTL_FAST_MATH = YES;
				SDKROOT = iphoneos;
				SWIFT_COMPILATION_MODE = wholemodule;
				SWIFT_OPTIMIZATION_LEVEL = "-O";
				VALIDATE_PRODUCT = YES;
			};
			name = Release;
		};
		7AB0E18D26DA89D300330340 /* Debug */ = {
			isa = XCBuildConfiguration;
			buildSettings = {
				ASSETCATALOG_COMPILER_APPICON_NAME = AppIcon;
				ASSETCATALOG_COMPILER_GLOBAL_ACCENT_COLOR_NAME = AccentColor;
				CODE_SIGN_IDENTITY = "Apple Development";
				CODE_SIGN_STYLE = Automatic;
				CURRENT_PROJECT_VERSION = 2;
				DEVELOPMENT_TEAM = CA4T52ZC46;
				INFOPLIST_FILE = QRScanFind/Info.plist;
				LD_RUNPATH_SEARCH_PATHS = (
					"$(inherited)",
					"@executable_path/Frameworks",
				);
				PRODUCT_BUNDLE_IDENTIFIER = Jae.QRScanFind;
				PRODUCT_NAME = "$(TARGET_NAME)";
				PROVISIONING_PROFILE_SPECIFIER = "";
				SWIFT_VERSION = 5.0;
				TARGETED_DEVICE_FAMILY = "1,2";
			};
			name = Debug;
		};
		7AB0E18E26DA89D300330340 /* Release */ = {
			isa = XCBuildConfiguration;
			buildSettings = {
				ASSETCATALOG_COMPILER_APPICON_NAME = AppIcon;
				ASSETCATALOG_COMPILER_GLOBAL_ACCENT_COLOR_NAME = AccentColor;
				CODE_SIGN_IDENTITY = "Apple Development";
				CODE_SIGN_STYLE = Automatic;
				CURRENT_PROJECT_VERSION = 2;
				DEVELOPMENT_TEAM = CA4T52ZC46;
				INFOPLIST_FILE = QRScanFind/Info.plist;
				LD_RUNPATH_SEARCH_PATHS = (
					"$(inherited)",
					"@executable_path/Frameworks",
				);
				PRODUCT_BUNDLE_IDENTIFIER = Jae.QRScanFind;
				PRODUCT_NAME = "$(TARGET_NAME)";
				PROVISIONING_PROFILE_SPECIFIER = "";
				SWIFT_VERSION = 5.0;
				TARGETED_DEVICE_FAMILY = "1,2";
			};
			name = Release;
		};
/* End XCBuildConfiguration section */

/* Begin XCConfigurationList section */
		7AB0E17026DA89D000330340 /* Build configuration list for PBXProject "QRScanFind" */ = {
			isa = XCConfigurationList;
			buildConfigurations = (
				7AB0E18A26DA89D300330340 /* Debug */,
				7AB0E18B26DA89D300330340 /* Release */,
			);
			defaultConfigurationIsVisible = 0;
			defaultConfigurationName = Release;
		};
		7AB0E18C26DA89D300330340 /* Build configuration list for PBXNativeTarget "QRScanFind" */ = {
			isa = XCConfigurationList;
			buildConfigurations = (
				7AB0E18D26DA89D300330340 /* Debug */,
				7AB0E18E26DA89D300330340 /* Release */,
			);
			defaultConfigurationIsVisible = 0;
			defaultConfigurationName = Release;
		};
/* End XCConfigurationList section */

/* Begin XCVersionGroup section */
		7AB0E18126DA89D000330340 /* QRScanFind.xcdatamodeld */ = {
			isa = XCVersionGroup;
			children = (
				7AB0E18226DA89D000330340 /* QRScanFind.xcdatamodel */,
			);
			currentVersion = 7AB0E18226DA89D000330340 /* QRScanFind.xcdatamodel */;
			path = QRScanFind.xcdatamodeld;
			sourceTree = "<group>";
			versionGroupType = wrapper.xcdatamodel;
		};
/* End XCVersionGroup section */
	};
	rootObject = 7AB0E16D26DA89D000330340 /* Project object */;
}
